
Microsoft Visual Studio Solution File, Format Version 12.00
# Visual Studio Version 16
VisualStudioVersion = 16.0.31112.23
MinimumVisualStudioVersion = 10.0.40219.1
Project("{FAE04EC0-301F-11D3-BF4B-00C04F79EFBC}") = "Project1", "Project1\Project1.csproj", "{FCDCD864-E196-4B1E-9A04-6FC250A27977}"
EndProject
Global
	GlobalSection(SolutionConfigurationPlatforms) = preSolution
		Debug|Any CPU = Debug|Any CPU
		Release|Any CPU = Release|Any CPU
	EndGlobalSection
	GlobalSection(ProjectConfigurationPlatforms) = postSolution
		{FCDCD864-E196-4B1E-9A04-6FC250A27977}.Debug|Any CPU.ActiveCfg = Debug|Any CPU
		{FCDCD864-E196-4B1E-9A04-6FC250A27977}.Debug|Any CPU.Build.0 = Debug|Any CPU
		{FCDCD864-E196-4B1E-9A04-6FC250A27977}.Release|Any CPU.ActiveCfg = Release|Any CPU
		{FCDCD864-E196-4B1E-9A04-6FC250A27977}.Release|Any CPU.Build.0 = Release|Any CPU
	EndGlobalSection
	GlobalSection(SolutionProperties) = preSolution
		HideSolutionNode = FALSE
	EndGlobalSection
	GlobalSection(ExtensibilityGlobals) = postSolution
		SolutionGuid = {9CCCEE6B-5C55-4025-98F4-BF47CA9D381F}
	EndGlobalSection
EndGlobal
